
Microsoft Visual Studio Solution File, Format Version 12.00
# Visual Studio Version 16
VisualStudioVersion = 16.0.31911.196
MinimumVisualStudioVersion = 10.0.40219.1
Project("{FAE04EC0-301F-11D3-BF4B-00C04F79EFBC}") = "Desktop.Samples.Shell", "Desktop.Samples.Shell\Desktop.Samples.Shell.csproj", "{8CC494C6-9D86-40B2-8466-2D57A04738C9}"
EndProject
Project("{2150E333-8FDC-42A3-9474-1A3956D46DE8}") = "Bin", "Bin", "{6C045127-4D2C-4C58-9DC9-57641AB3F9C5}"
EndProject
Project("{2150E333-8FDC-42A3-9474-1A3956D46DE8}") = "Prism", "Prism", "{CCCEDBFD-97D1-4161-ABED-42F2D38724C4}"
	ProjectSection(SolutionItems) = preProject
		Bin\Prism\Microsoft.Practices.Prism.dll = Bin\Prism\Microsoft.Practices.Prism.dll
		Bin\Prism\Microsoft.Practices.Prism.Interactivity.dll = Bin\Prism\Microsoft.Practices.Prism.Interactivity.dll
		Bin\Prism\Microsoft.Practices.Prism.Interactivity.pdb = Bin\Prism\Microsoft.Practices.Prism.Interactivity.pdb
		Bin\Prism\Microsoft.Practices.Prism.Interactivity.XML = Bin\Prism\Microsoft.Practices.Prism.Interactivity.XML
		Bin\Prism\Microsoft.Practices.Prism.MefExtensions.dll = Bin\Prism\Microsoft.Practices.Prism.MefExtensions.dll
		Bin\Prism\Microsoft.Practices.Prism.MefExtensions.pdb = Bin\Prism\Microsoft.Practices.Prism.MefExtensions.pdb
		Bin\Prism\Microsoft.Practices.Prism.MefExtensions.XML = Bin\Prism\Microsoft.Practices.Prism.MefExtensions.XML
		Bin\Prism\Microsoft.Practices.Prism.pdb = Bin\Prism\Microsoft.Practices.Prism.pdb
		Bin\Prism\Microsoft.Practices.Prism.UnityExtensions.dll = Bin\Prism\Microsoft.Practices.Prism.UnityExtensions.dll
		Bin\Prism\Microsoft.Practices.Prism.UnityExtensions.pdb = Bin\Prism\Microsoft.Practices.Prism.UnityExtensions.pdb
		Bin\Prism\Microsoft.Practices.Prism.UnityExtensions.xml = Bin\Prism\Microsoft.Practices.Prism.UnityExtensions.xml
		Bin\Prism\Microsoft.Practices.Prism.XML = Bin\Prism\Microsoft.Practices.Prism.XML
		Bin\Prism\Microsoft.Practices.ServiceLocation.dll = Bin\Prism\Microsoft.Practices.ServiceLocation.dll
		Bin\Prism\Microsoft.Practices.ServiceLocation.XML = Bin\Prism\Microsoft.Practices.ServiceLocation.XML
		Bin\Prism\Microsoft.Practices.Unity.dll = Bin\Prism\Microsoft.Practices.Unity.dll
		Bin\Prism\Microsoft.Practices.Unity.xml = Bin\Prism\Microsoft.Practices.Unity.xml
	EndProjectSection
EndProject
Project("{2150E333-8FDC-42A3-9474-1A3956D46DE8}") = "YunXin.IM", "YunXin.IM", "{EEDE5D0B-52AF-41FB-9783-4D6F0207A485}"
EndProject
Project("{2150E333-8FDC-42A3-9474-1A3956D46DE8}") = "x86", "x86", "{8451748A-9014-4829-971B-76B86398B605}"
	ProjectSection(SolutionItems) = preProject
		Bin\YunXin.IM\x86\msvcp120.dll = Bin\YunXin.IM\x86\msvcp120.dll
		Bin\YunXin.IM\x86\msvcr120.dll = Bin\YunXin.IM\x86\msvcr120.dll
		Bin\YunXin.IM\x86\nim.dll = Bin\YunXin.IM\x86\nim.dll
		Bin\YunXin.IM\x86\nim_audio.dll = Bin\YunXin.IM\x86\nim_audio.dll
		Bin\YunXin.IM\x86\nim_audio_hook.dll = Bin\YunXin.IM\x86\nim_audio_hook.dll
		Bin\YunXin.IM\x86\nim_chatroom.dll = Bin\YunXin.IM\x86\nim_chatroom.dll
		Bin\YunXin.IM\x86\nim_tools_http.dll = Bin\YunXin.IM\x86\nim_tools_http.dll
		Bin\YunXin.IM\x86\nrtc.dll = Bin\YunXin.IM\x86\nrtc.dll
		Bin\YunXin.IM\x86\nrtc_audio_process.dll = Bin\YunXin.IM\x86\nrtc_audio_process.dll
	EndProjectSection
EndProject
Project("{2150E333-8FDC-42A3-9474-1A3956D46DE8}") = "nim_conf", "nim_conf", "{D7ECA07A-6D6F-44C6-A831-1F24262D43B2}"
	ProjectSection(SolutionItems) = preProject
		Bin\YunXin.IM\x86\nim_conf\ver_ctrl.dll = Bin\YunXin.IM\x86\nim_conf\ver_ctrl.dll
	EndProjectSection
EndProject
Project("{2150E333-8FDC-42A3-9474-1A3956D46DE8}") = "x64", "x64", "{EFD4CDE4-00AB-4E59-9736-9223BFF38FF6}"
	ProjectSection(SolutionItems) = preProject
		Bin\YunXin.IM\x64\msvcp120.dll = Bin\YunXin.IM\x64\msvcp120.dll
		Bin\YunXin.IM\x64\msvcr120.dll = Bin\YunXin.IM\x64\msvcr120.dll
		Bin\YunXin.IM\x64\nim.dll = Bin\YunXin.IM\x64\nim.dll
		Bin\YunXin.IM\x64\nim_audio.dll = Bin\YunXin.IM\x64\nim_audio.dll
		Bin\YunXin.IM\x64\nim_chatroom.dll = Bin\YunXin.IM\x64\nim_chatroom.dll
		Bin\YunXin.IM\x64\nim_tools_http.dll = Bin\YunXin.IM\x64\nim_tools_http.dll
		Bin\YunXin.IM\x64\nrtc.dll = Bin\YunXin.IM\x64\nrtc.dll
		Bin\YunXin.IM\x64\nrtc_audio_process.dll = Bin\YunXin.IM\x64\nrtc_audio_process.dll
	EndProjectSection
EndProject
Project("{2150E333-8FDC-42A3-9474-1A3956D46DE8}") = "nim_conf", "nim_conf", "{3D35E859-64EF-45FA-B95F-BF6A67239DA8}"
	ProjectSection(SolutionItems) = preProject
		Bin\YunXin.IM\x64\nim_conf\ver_ctrl.dll = Bin\YunXin.IM\x64\nim_conf\ver_ctrl.dll
	EndProjectSection
EndProject
Global
	GlobalSection(SolutionConfigurationPlatforms) = preSolution
		Debug|Any CPU = Debug|Any CPU
		Release|Any CPU = Release|Any CPU
	EndGlobalSection
	GlobalSection(ProjectConfigurationPlatforms) = postSolution
		{8CC494C6-9D86-40B2-8466-2D57A04738C9}.Debug|Any CPU.ActiveCfg = Debug|Any CPU
		{8CC494C6-9D86-40B2-8466-2D57A04738C9}.Debug|Any CPU.Build.0 = Debug|Any CPU
		{8CC494C6-9D86-40B2-8466-2D57A04738C9}.Release|Any CPU.ActiveCfg = Release|Any CPU
		{8CC494C6-9D86-40B2-8466-2D57A04738C9}.Release|Any CPU.Build.0 = Release|Any CPU
	EndGlobalSection
	GlobalSection(SolutionProperties) = preSolution
		HideSolutionNode = FALSE
	EndGlobalSection
	GlobalSection(NestedProjects) = preSolution
		{CCCEDBFD-97D1-4161-ABED-42F2D38724C4} = {6C045127-4D2C-4C58-9DC9-57641AB3F9C5}
		{EEDE5D0B-52AF-41FB-9783-4D6F0207A485} = {6C045127-4D2C-4C58-9DC9-57641AB3F9C5}
		{8451748A-9014-4829-971B-76B86398B605} = {EEDE5D0B-52AF-41FB-9783-4D6F0207A485}
		{D7ECA07A-6D6F-44C6-A831-1F24262D43B2} = {8451748A-9014-4829-971B-76B86398B605}
		{EFD4CDE4-00AB-4E59-9736-9223BFF38FF6} = {EEDE5D0B-52AF-41FB-9783-4D6F0207A485}
		{3D35E859-64EF-45FA-B95F-BF6A67239DA8} = {EFD4CDE4-00AB-4E59-9736-9223BFF38FF6}
	EndGlobalSection
	GlobalSection(ExtensibilityGlobals) = postSolution
		SolutionGuid = {94CE2D4A-4EBF-4759-BBF4-49E264745E47}
	EndGlobalSection
EndGlobal
